// !$*UTF8*$!
{
	archiveVersion = 1;
	classes = {
	};
	objectVersion = 56;
	objects = {

/* Begin PBXBuildFile section */
		062EFED82AABC8E7009310D2 /* AppDelegate.swift in Sources */ = {isa = PBXBuildFile; fileRef = 062EFED72AABC8E7009310D2 /* AppDelegate.swift */; };
		062EFEDA2AABC8E7009310D2 /* SceneDelegate.swift in Sources */ = {isa = PBXBuildFile; fileRef = 062EFED92AABC8E7009310D2 /* SceneDelegate.swift */; };
		062EFEDC2AABC8E7009310D2 /* MainTabBarViewController.swift in Sources */ = {isa = PBXBuildFile; fileRef = 062EFEDB2AABC8E7009310D2 /* MainTabBarViewController.swift */; };
		062EFEE12AABC8E9009310D2 /* Assets.xcassets in Resources */ = {isa = PBXBuildFile; fileRef = 062EFEE02AABC8E9009310D2 /* Assets.xcassets */; };
		062EFEE42AABC8E9009310D2 /* LaunchScreen.storyboard in Resources */ = {isa = PBXBuildFile; fileRef = 062EFEE22AABC8E9009310D2 /* LaunchScreen.storyboard */; };
		062EFEED2AABCBB6009310D2 /* HomeViewController.swift in Sources */ = {isa = PBXBuildFile; fileRef = 062EFEEC2AABCBB6009310D2 /* HomeViewController.swift */; };
		062EFEEF2AABCBC5009310D2 /* UpComingViewController.swift in Sources */ = {isa = PBXBuildFile; fileRef = 062EFEEE2AABCBC5009310D2 /* UpComingViewController.swift */; };
		062EFEF12AABCC10009310D2 /* SearchViewController.swift in Sources */ = {isa = PBXBuildFile; fileRef = 062EFEF02AABCC10009310D2 /* SearchViewController.swift */; };
		062EFEF32AABCC36009310D2 /* DownloadViewController.swift in Sources */ = {isa = PBXBuildFile; fileRef = 062EFEF22AABCC36009310D2 /* DownloadViewController.swift */; };
		062EFEFA2AABD79C009310D2 /* CollectionViewTableViewCell.swift in Sources */ = {isa = PBXBuildFile; fileRef = 062EFEF92AABD79C009310D2 /* CollectionViewTableViewCell.swift */; };
		062EFEFC2AACF3EF009310D2 /* HeroHeaderUIView.swift in Sources */ = {isa = PBXBuildFile; fileRef = 062EFEFB2AACF3EF009310D2 /* HeroHeaderUIView.swift */; };
		062EFEFE2AAD2126009310D2 /* APICaller.swift in Sources */ = {isa = PBXBuildFile; fileRef = 062EFEFD2AAD2126009310D2 /* APICaller.swift */; };
		062EFF002AAD275C009310D2 /* Title.swift in Sources */ = {isa = PBXBuildFile; fileRef = 062EFEFF2AAD275C009310D2 /* Title.swift */; };
		062EFF042AAFB028009310D2 /* TitleCollectionViewCell.swift in Sources */ = {isa = PBXBuildFile; fileRef = 062EFF032AAFB028009310D2 /* TitleCollectionViewCell.swift */; };
		062EFF072AAFB295009310D2 /* SDWebImage in Frameworks */ = {isa = PBXBuildFile; productRef = 062EFF062AAFB295009310D2 /* SDWebImage */; };
		062EFF092AAFB295009310D2 /* SDWebImageMapKit in Frameworks */ = {isa = PBXBuildFile; productRef = 062EFF082AAFB295009310D2 /* SDWebImageMapKit */; };
		062EFF0B2AAFC962009310D2 /* UpcomingTableViewCell.swift in Sources */ = {isa = PBXBuildFile; fileRef = 062EFF0A2AAFC962009310D2 /* UpcomingTableViewCell.swift */; };
		062EFF0D2AAFCF4B009310D2 /* TitleViewModel.swift in Sources */ = {isa = PBXBuildFile; fileRef = 062EFF0C2AAFCF4B009310D2 /* TitleViewModel.swift */; };
		062EFF0F2AB0D207009310D2 /* SearchResultsViewController.swift in Sources */ = {isa = PBXBuildFile; fileRef = 062EFF0E2AB0D207009310D2 /* SearchResultsViewController.swift */; };
		062EFF112AB0F5AE009310D2 /* YoutubeResponse.swift in Sources */ = {isa = PBXBuildFile; fileRef = 062EFF102AB0F5AE009310D2 /* YoutubeResponse.swift */; };
		062EFF132AB3ACEB009310D2 /* TitlePreviewViewController.swift in Sources */ = {isa = PBXBuildFile; fileRef = 062EFF122AB3ACEB009310D2 /* TitlePreviewViewController.swift */; };
		062EFF152AB3B2F1009310D2 /* TitlePreviewViewModel.swift in Sources */ = {isa = PBXBuildFile; fileRef = 062EFF142AB3B2F1009310D2 /* TitlePreviewViewModel.swift */; };
/* End PBXBuildFile section */

/* Begin PBXFileReference section */
		062EFED42AABC8E7009310D2 /* NetflixClone.app */ = {isa = PBXFileReference; explicitFileType = wrapper.application; includeInIndex = 0; path = NetflixClone.app; sourceTree = BUILT_PRODUCTS_DIR; };
		062EFED72AABC8E7009310D2 /* AppDelegate.swift */ = {isa = PBXFileReference; lastKnownFileType = sourcecode.swift; path = AppDelegate.swift; sourceTree = "<group>"; };
		062EFED92AABC8E7009310D2 /* SceneDelegate.swift */ = {isa = PBXFileReference; lastKnownFileType = sourcecode.swift; path = SceneDelegate.swift; sourceTree = "<group>"; };
		062EFEDB2AABC8E7009310D2 /* MainTabBarViewController.swift */ = {isa = PBXFileReference; lastKnownFileType = sourcecode.swift; path = MainTabBarViewController.swift; sourceTree = "<group>"; };
		062EFEE02AABC8E9009310D2 /* Assets.xcassets */ = {isa = PBXFileReference; lastKnownFileType = folder.assetcatalog; path = Assets.xcassets; sourceTree = "<group>"; };
		062EFEE32AABC8E9009310D2 /* Base */ = {isa = PBXFileReference; lastKnownFileType = file.storyboard; name = Base; path = Base.lproj/LaunchScreen.storyboard; sourceTree = "<group>"; };
		062EFEE52AABC8E9009310D2 /* Info.plist */ = {isa = PBXFileReference; lastKnownFileType = text.plist.xml; path = Info.plist; sourceTree = "<group>"; };
		062EFEEC2AABCBB6009310D2 /* HomeViewController.swift */ = {isa = PBXFileReference; lastKnownFileType = sourcecode.swift; path = HomeViewController.swift; sourceTree = "<group>"; };
		062EFEEE2AABCBC5009310D2 /* UpComingViewController.swift */ = {isa = PBXFileReference; lastKnownFileType = sourcecode.swift; path = UpComingViewController.swift; sourceTree = "<group>"; };
		062EFEF02AABCC10009310D2 /* SearchViewController.swift */ = {isa = PBXFileReference; lastKnownFileType = sourcecode.swift; path = SearchViewController.swift; sourceTree = "<group>"; };
		062EFEF22AABCC36009310D2 /* DownloadViewController.swift */ = {isa = PBXFileReference; lastKnownFileType = sourcecode.swift; path = DownloadViewController.swift; sourceTree = "<group>"; };
		062EFEF92AABD79C009310D2 /* CollectionViewTableViewCell.swift */ = {isa = PBXFileReference; lastKnownFileType = sourcecode.swift; path = CollectionViewTableViewCell.swift; sourceTree = "<group>"; };
		062EFEFB2AACF3EF009310D2 /* HeroHeaderUIView.swift */ = {isa = PBXFileReference; lastKnownFileType = sourcecode.swift; path = HeroHeaderUIView.swift; sourceTree = "<group>"; };
		062EFEFD2AAD2126009310D2 /* APICaller.swift */ = {isa = PBXFileReference; lastKnownFileType = sourcecode.swift; path = APICaller.swift; sourceTree = "<group>"; };
		062EFEFF2AAD275C009310D2 /* Title.swift */ = {isa = PBXFileReference; lastKnownFileType = sourcecode.swift; path = Title.swift; sourceTree = "<group>"; };
		062EFF032AAFB028009310D2 /* TitleCollectionViewCell.swift */ = {isa = PBXFileReference; lastKnownFileType = sourcecode.swift; path = TitleCollectionViewCell.swift; sourceTree = "<group>"; };
		062EFF0A2AAFC962009310D2 /* UpcomingTableViewCell.swift */ = {isa = PBXFileReference; lastKnownFileType = sourcecode.swift; path = UpcomingTableViewCell.swift; sourceTree = "<group>"; };
		062EFF0C2AAFCF4B009310D2 /* TitleViewModel.swift */ = {isa = PBXFileReference; lastKnownFileType = sourcecode.swift; path = TitleViewModel.swift; sourceTree = "<group>"; };
		062EFF0E2AB0D207009310D2 /* SearchResultsViewController.swift */ = {isa = PBXFileReference; lastKnownFileType = sourcecode.swift; path = SearchResultsViewController.swift; sourceTree = "<group>"; };
		062EFF102AB0F5AE009310D2 /* YoutubeResponse.swift */ = {isa = PBXFileReference; lastKnownFileType = sourcecode.swift; path = YoutubeResponse.swift; sourceTree = "<group>"; };
		062EFF122AB3ACEB009310D2 /* TitlePreviewViewController.swift */ = {isa = PBXFileReference; lastKnownFileType = sourcecode.swift; path = TitlePreviewViewController.swift; sourceTree = "<group>"; };
		062EFF142AB3B2F1009310D2 /* TitlePreviewViewModel.swift */ = {isa = PBXFileReference; lastKnownFileType = sourcecode.swift; path = TitlePreviewViewModel.swift; sourceTree = "<group>"; };
/* End PBXFileReference section */

/* Begin PBXFrameworksBuildPhase section */
		062EFED12AABC8E7009310D2 /* Frameworks */ = {
			isa = PBXFrameworksBuildPhase;
			buildActionMask = 2147483647;
			files = (
				062EFF092AAFB295009310D2 /* SDWebImageMapKit in Frameworks */,
				062EFF072AAFB295009310D2 /* SDWebImage in Frameworks */,
			);
			runOnlyForDeploymentPostprocessing = 0;
		};
/* End PBXFrameworksBuildPhase section */

/* Begin PBXGroup section */
		062EFECB2AABC8E7009310D2 = {
			isa = PBXGroup;
			children = (
				062EFED62AABC8E7009310D2 /* NetflixClone */,
				062EFED52AABC8E7009310D2 /* Products */,
			);
			sourceTree = "<group>";
		};
		062EFED52AABC8E7009310D2 /* Products */ = {
			isa = PBXGroup;
			children = (
				062EFED42AABC8E7009310D2 /* NetflixClone.app */,
			);
			name = Products;
			sourceTree = "<group>";
		};
		062EFED62AABC8E7009310D2 /* NetflixClone */ = {
			isa = PBXGroup;
			children = (
				062EFEF82AABD749009310D2 /* Managers */,
				062EFEF72AABD73F009310D2 /* Resources */,
				062EFEF52AABD709009310D2 /* Models */,
				062EFEF42AABD6E9009310D2 /* Views */,
				062EFEF62AABD713009310D2 /* ViewModels */,
				062EFEEB2AABCB6C009310D2 /* Controllers */,
				062EFED72AABC8E7009310D2 /* AppDelegate.swift */,
				062EFED92AABC8E7009310D2 /* SceneDelegate.swift */,
				062EFEE02AABC8E9009310D2 /* Assets.xcassets */,
				062EFEE22AABC8E9009310D2 /* LaunchScreen.storyboard */,
				062EFEE52AABC8E9009310D2 /* Info.plist */,
			);
			path = NetflixClone;
			sourceTree = "<group>";
		};
		062EFEEB2AABCB6C009310D2 /* Controllers */ = {
			isa = PBXGroup;
			children = (
				062EFEDB2AABC8E7009310D2 /* MainTabBarViewController.swift */,
				062EFEEC2AABCBB6009310D2 /* HomeViewController.swift */,
				062EFEEE2AABCBC5009310D2 /* UpComingViewController.swift */,
				062EFEF02AABCC10009310D2 /* SearchViewController.swift */,
				062EFEF22AABCC36009310D2 /* DownloadViewController.swift */,
				062EFF0E2AB0D207009310D2 /* SearchResultsViewController.swift */,
				062EFF122AB3ACEB009310D2 /* TitlePreviewViewController.swift */,
			);
			path = Controllers;
			sourceTree = "<group>";
		};
		062EFEF42AABD6E9009310D2 /* Views */ = {
			isa = PBXGroup;
			children = (
				062EFEF92AABD79C009310D2 /* CollectionViewTableViewCell.swift */,
				062EFEFB2AACF3EF009310D2 /* HeroHeaderUIView.swift */,
				062EFF032AAFB028009310D2 /* TitleCollectionViewCell.swift */,
				062EFF0A2AAFC962009310D2 /* UpcomingTableViewCell.swift */,
			);
			path = Views;
			sourceTree = "<group>";
		};
		062EFEF52AABD709009310D2 /* Models */ = {
			isa = PBXGroup;
			children = (
				062EFEFF2AAD275C009310D2 /* Title.swift */,
				062EFF102AB0F5AE009310D2 /* YoutubeResponse.swift */,
			);
			path = Models;
			sourceTree = "<group>";
		};
		062EFEF62AABD713009310D2 /* ViewModels */ = {
			isa = PBXGroup;
			children = (
				062EFF0C2AAFCF4B009310D2 /* TitleViewModel.swift */,
				062EFF142AB3B2F1009310D2 /* TitlePreviewViewModel.swift */,
			);
			path = ViewModels;
			sourceTree = "<group>";
		};
		062EFEF72AABD73F009310D2 /* Resources */ = {
			isa = PBXGroup;
			children = (
			);
			path = Resources;
			sourceTree = "<group>";
		};
		062EFEF82AABD749009310D2 /* Managers */ = {
			isa = PBXGroup;
			children = (
				062EFEFD2AAD2126009310D2 /* APICaller.swift */,
			);
			path = Managers;
			sourceTree = "<group>";
		};
/* End PBXGroup section */

/* Begin PBXNativeTarget section */
		062EFED32AABC8E7009310D2 /* NetflixClone */ = {
			isa = PBXNativeTarget;
			buildConfigurationList = 062EFEE82AABC8E9009310D2 /* Build configuration list for PBXNativeTarget "NetflixClone" */;
			buildPhases = (
				062EFED02AABC8E7009310D2 /* Sources */,
				062EFED12AABC8E7009310D2 /* Frameworks */,
				062EFED22AABC8E7009310D2 /* Resources */,
			);
			buildRules = (
			);
			dependencies = (
			);
			name = NetflixClone;
			packageProductDependencies = (
				062EFF062AAFB295009310D2 /* SDWebImage */,
				062EFF082AAFB295009310D2 /* SDWebImageMapKit */,
			);
			productName = NetflixClone;
			productReference = 062EFED42AABC8E7009310D2 /* NetflixClone.app */;
			productType = "com.apple.product-type.application";
		};
/* End PBXNativeTarget section */

/* Begin PBXProject section */
		062EFECC2AABC8E7009310D2 /* Project object */ = {
			isa = PBXProject;
			attributes = {
				BuildIndependentTargetsInParallel = 1;
				LastSwiftUpdateCheck = 1430;
				LastUpgradeCheck = 1430;
				TargetAttributes = {
					062EFED32AABC8E7009310D2 = {
						CreatedOnToolsVersion = 14.3;
					};
				};
			};
			buildConfigurationList = 062EFECF2AABC8E7009310D2 /* Build configuration list for PBXProject "NetflixClone" */;
			compatibilityVersion = "Xcode 14.0";
			developmentRegion = en;
			hasScannedForEncodings = 0;
			knownRegions = (
				en,
				Base,
			);
			mainGroup = 062EFECB2AABC8E7009310D2;
			packageReferences = (
				062EFF052AAFB295009310D2 /* XCRemoteSwiftPackageReference "SDWebImage" */,
			);
			productRefGroup = 062EFED52AABC8E7009310D2 /* Products */;
			projectDirPath = "";
			projectRoot = "";
			targets = (
				062EFED32AABC8E7009310D2 /* NetflixClone */,
			);
		};
/* End PBXProject section */

/* Begin PBXResourcesBuildPhase section */
		062EFED22AABC8E7009310D2 /* Resources */ = {
			isa = PBXResourcesBuildPhase;
			buildActionMask = 2147483647;
			files = (
				062EFEE42AABC8E9009310D2 /* LaunchScreen.storyboard in Resources */,
				062EFEE12AABC8E9009310D2 /* Assets.xcassets in Resources */,
			);
			runOnlyForDeploymentPostprocessing = 0;
		};
/* End PBXResourcesBuildPhase section */

/* Begin PBXSourcesBuildPhase section */
		062EFED02AABC8E7009310D2 /* Sources */ = {
			isa = PBXSourcesBuildPhase;
			buildActionMask = 2147483647;
			files = (
				062EFF152AB3B2F1009310D2 /* TitlePreviewViewModel.swift in Sources */,
				062EFF0B2AAFC962009310D2 /* UpcomingTableViewCell.swift in Sources */,
				062EFEF12AABCC10009310D2 /* SearchViewController.swift in Sources */,
				062EFF132AB3ACEB009310D2 /* TitlePreviewViewController.swift in Sources */,
				062EFEDC2AABC8E7009310D2 /* MainTabBarViewController.swift in Sources */,
				062EFEFA2AABD79C009310D2 /* CollectionViewTableViewCell.swift in Sources */,
				062EFF0F2AB0D207009310D2 /* SearchResultsViewController.swift in Sources */,
				062EFEFE2AAD2126009310D2 /* APICaller.swift in Sources */,
				062EFEFC2AACF3EF009310D2 /* HeroHeaderUIView.swift in Sources */,
				062EFED82AABC8E7009310D2 /* AppDelegate.swift in Sources */,
				062EFEF32AABCC36009310D2 /* DownloadViewController.swift in Sources */,
				062EFEEF2AABCBC5009310D2 /* UpComingViewController.swift in Sources */,
				062EFEDA2AABC8E7009310D2 /* SceneDelegate.swift in Sources */,
				062EFF042AAFB028009310D2 /* TitleCollectionViewCell.swift in Sources */,
				062EFF112AB0F5AE009310D2 /* YoutubeResponse.swift in Sources */,
				062EFF0D2AAFCF4B009310D2 /* TitleViewModel.swift in Sources */,
				062EFF002AAD275C009310D2 /* Title.swift in Sources */,
				062EFEED2AABCBB6009310D2 /* HomeViewController.swift in Sources */,
			);
			runOnlyForDeploymentPostprocessing = 0;
		};
/* End PBXSourcesBuildPhase section */

/* Begin PBXVariantGroup section */
		062EFEE22AABC8E9009310D2 /* LaunchScreen.storyboard */ = {
			isa = PBXVariantGroup;
			children = (
				062EFEE32AABC8E9009310D2 /* Base */,
			);
			name = LaunchScreen.storyboard;
			sourceTree = "<group>";
		};
/* End PBXVariantGroup section */

/* Begin XCBuildConfiguration section */
		062EFEE62AABC8E9009310D2 /* Debug */ = {
			isa = XCBuildConfiguration;
			buildSettings = {
				ALWAYS_SEARCH_USER_PATHS = NO;
				CLANG_ANALYZER_NONNULL = YES;
				CLANG_ANALYZER_NUMBER_OBJECT_CONVERSION = YES_AGGRESSIVE;
				CLANG_CXX_LANGUAGE_STANDARD = "gnu++20";
				CLANG_ENABLE_MODULES = YES;
				CLANG_ENABLE_OBJC_ARC = YES;
				CLANG_ENABLE_OBJC_WEAK = YES;
				CLANG_WARN_BLOCK_CAPTURE_AUTORELEASING = YES;
				CLANG_WARN_BOOL_CONVERSION = YES;
				CLANG_WARN_COMMA = YES;
				CLANG_WARN_CONSTANT_CONVERSION = YES;
				CLANG_WARN_DEPRECATED_OBJC_IMPLEMENTATIONS = YES;
				CLANG_WARN_DIRECT_OBJC_ISA_USAGE = YES_ERROR;
				CLANG_WARN_DOCUMENTATION_COMMENTS = YES;
				CLANG_WARN_EMPTY_BODY = YES;
				CLANG_WARN_ENUM_CONVERSION = YES;
				CLANG_WARN_INFINITE_RECURSION = YES;
				CLANG_WARN_INT_CONVERSION = YES;
				CLANG_WARN_NON_LITERAL_NULL_CONVERSION = YES;
				CLANG_WARN_OBJC_IMPLICIT_RETAIN_SELF = YES;
				CLANG_WARN_OBJC_LITERAL_CONVERSION = YES;
				CLANG_WARN_OBJC_ROOT_CLASS = YES_ERROR;
				CLANG_WARN_QUOTED_INCLUDE_IN_FRAMEWORK_HEADER = YES;
				CLANG_WARN_RANGE_LOOP_ANALYSIS = YES;
				CLANG_WARN_STRICT_PROTOTYPES = YES;
				CLANG_WARN_SUSPICIOUS_MOVE = YES;
				CLANG_WARN_UNGUARDED_AVAILABILITY = YES_AGGRESSIVE;
				CLANG_WARN_UNREACHABLE_CODE = YES;
				CLANG_WARN__DUPLICATE_METHOD_MATCH = YES;
				COPY_PHASE_STRIP = NO;
				DEBUG_INFORMATION_FORMAT = dwarf;
				ENABLE_STRICT_OBJC_MSGSEND = YES;
				ENABLE_TESTABILITY = YES;
				GCC_C_LANGUAGE_STANDARD = gnu11;
				GCC_DYNAMIC_NO_PIC = NO;
				GCC_NO_COMMON_BLOCKS = YES;
				GCC_OPTIMIZATION_LEVEL = 0;
				GCC_PREPROCESSOR_DEFINITIONS = (
					"DEBUG=1",
					"$(inherited)",
				);
				GCC_WARN_64_TO_32_BIT_CONVERSION = YES;
				GCC_WARN_ABOUT_RETURN_TYPE = YES_ERROR;
				GCC_WARN_UNDECLARED_SELECTOR = YES;
				GCC_WARN_UNINITIALIZED_AUTOS = YES_AGGRESSIVE;
				GCC_WARN_UNUSED_FUNCTION = YES;
				GCC_WARN_UNUSED_VARIABLE = YES;
				IPHONEOS_DEPLOYMENT_TARGET = 16.4;
				MTL_ENABLE_DEBUG_INFO = INCLUDE_SOURCE;
				MTL_FAST_MATH = YES;
				ONLY_ACTIVE_ARCH = YES;
				SDKROOT = iphoneos;
				SWIFT_ACTIVE_COMPILATION_CONDITIONS = DEBUG;
				SWIFT_OPTIMIZATION_LEVEL = "-Onone";
			};
			name = Debug;
		};
		062EFEE72AABC8E9009310D2 /* Release */ = {
			isa = XCBuildConfiguration;
			buildSettings = {
				ALWAYS_SEARCH_USER_PATHS = NO;
				CLANG_ANALYZER_NONNULL = YES;
				CLANG_ANALYZER_NUMBER_OBJECT_CONVERSION = YES_AGGRESSIVE;
				CLANG_CXX_LANGUAGE_STANDARD = "gnu++20";
				CLANG_ENABLE_MODULES = YES;
				CLANG_ENABLE_OBJC_ARC = YES;
				CLANG_ENABLE_OBJC_WEAK = YES;
				CLANG_WARN_BLOCK_CAPTURE_AUTORELEASING = YES;
				CLANG_WARN_BOOL_CONVERSION = YES;
				CLANG_WARN_COMMA = YES;
				CLANG_WARN_CONSTANT_CONVERSION = YES;
				CLANG_WARN_DEPRECATED_OBJC_IMPLEMENTATIONS = YES;
				CLANG_WARN_DIRECT_OBJC_ISA_USAGE = YES_ERROR;
				CLANG_WARN_DOCUMENTATION_COMMENTS = YES;
				CLANG_WARN_EMPTY_BODY = YES;
				CLANG_WARN_ENUM_CONVERSION = YES;
				CLANG_WARN_INFINITE_RECURSION = YES;
				CLANG_WARN_INT_CONVERSION = YES;
				CLANG_WARN_NON_LITERAL_NULL_CONVERSION = YES;
				CLANG_WARN_OBJC_IMPLICIT_RETAIN_SELF = YES;
				CLANG_WARN_OBJC_LITERAL_CONVERSION = YES;
				CLANG_WARN_OBJC_ROOT_CLASS = YES_ERROR;
				CLANG_WARN_QUOTED_INCLUDE_IN_FRAMEWORK_HEADER = YES;
				CLANG_WARN_RANGE_LOOP_ANALYSIS = YES;
				CLANG_WARN_STRICT_PROTOTYPES = YES;
				CLANG_WARN_SUSPICIOUS_MOVE = YES;
				CLANG_WARN_UNGUARDED_AVAILABILITY = YES_AGGRESSIVE;
				CLANG_WARN_UNREACHABLE_CODE = YES;
				CLANG_WARN__DUPLICATE_METHOD_MATCH = YES;
				COPY_PHASE_STRIP = NO;
				DEBUG_INFORMATION_FORMAT = "dwarf-with-dsym";
				ENABLE_NS_ASSERTIONS = NO;
				ENABLE_STRICT_OBJC_MSGSEND = YES;
				GCC_C_LANGUAGE_STANDARD = gnu11;
				GCC_NO_COMMON_BLOCKS = YES;
				GCC_WARN_64_TO_32_BIT_CONVERSION = YES;
				GCC_WARN_ABOUT_RETURN_TYPE = YES_ERROR;
				GCC_WARN_UNDECLARED_SELECTOR = YES;
				GCC_WARN_UNINITIALIZED_AUTOS = YES_AGGRESSIVE;
				GCC_WARN_UNUSED_FUNCTION = YES;
				GCC_WARN_UNUSED_VARIABLE = YES;
				IPHONEOS_DEPLOYMENT_TARGET = 16.4;
				MTL_ENABLE_DEBUG_INFO = NO;
				MTL_FAST_MATH = YES;
				SDKROOT = iphoneos;
				SWIFT_COMPILATION_MODE = wholemodule;
				SWIFT_OPTIMIZATION_LEVEL = "-O";
				VALIDATE_PRODUCT = YES;
			};
			name = Release;
		};
		062EFEE92AABC8E9009310D2 /* Debug */ = {
			isa = XCBuildConfiguration;
			buildSettings = {
				ASSETCATALOG_COMPILER_APPICON_NAME = AppIcon;
				ASSETCATALOG_COMPILER_GLOBAL_ACCENT_COLOR_NAME = AccentColor;
				CODE_SIGN_STYLE = Automatic;
				CURRENT_PROJECT_VERSION = 1;
				DEVELOPMENT_TEAM = FD7Y3YF54A;
				GENERATE_INFOPLIST_FILE = YES;
				INFOPLIST_FILE = NetflixClone/Info.plist;
				INFOPLIST_KEY_UIApplicationSupportsIndirectInputEvents = YES;
				INFOPLIST_KEY_UILaunchStoryboardName = LaunchScreen;
				INFOPLIST_KEY_UISupportedInterfaceOrientations_iPad = "UIInterfaceOrientationPortrait UIInterfaceOrientationPortraitUpsideDown UIInterfaceOrientationLandscapeLeft UIInterfaceOrientationLandscapeRight";
				INFOPLIST_KEY_UISupportedInterfaceOrientations_iPhone = "UIInterfaceOrientationPortrait UIInterfaceOrientationLandscapeLeft UIInterfaceOrientationLandscapeRight";
				LD_RUNPATH_SEARCH_PATHS = (
					"$(inherited)",
					"@executable_path/Frameworks",
				);
				MARKETING_VERSION = 1.0;
				PRODUCT_BUNDLE_IDENTIFIER = com.hzy.NetflixClone;
				PRODUCT_NAME = "$(TARGET_NAME)";
				SWIFT_EMIT_LOC_STRINGS = YES;
				SWIFT_VERSION = 5.0;
				TARGETED_DEVICE_FAMILY = "1,2";
			};
			name = Debug;
		};
		062EFEEA2AABC8E9009310D2 /* Release */ = {
			isa = XCBuildConfiguration;
			buildSettings = {
				ASSETCATALOG_COMPILER_APPICON_NAME = AppIcon;
				ASSETCATALOG_COMPILER_GLOBAL_ACCENT_COLOR_NAME = AccentColor;
				CODE_SIGN_STYLE = Automatic;
				CURRENT_PROJECT_VERSION = 1;
				DEVELOPMENT_TEAM = FD7Y3YF54A;
				GENERATE_INFOPLIST_FILE = YES;
				INFOPLIST_FILE = NetflixClone/Info.plist;
				INFOPLIST_KEY_UIApplicationSupportsIndirectInputEvents = YES;
				INFOPLIST_KEY_UILaunchStoryboardName = LaunchScreen;
				INFOPLIST_KEY_UISupportedInterfaceOrientations_iPad = "UIInterfaceOrientationPortrait UIInterfaceOrientationPortraitUpsideDown UIInterfaceOrientationLandscapeLeft UIInterfaceOrientationLandscapeRight";
				INFOPLIST_KEY_UISupportedInterfaceOrientations_iPhone = "UIInterfaceOrientationPortrait UIInterfaceOrientationLandscapeLeft UIInterfaceOrientationLandscapeRight";
				LD_RUNPATH_SEARCH_PATHS = (
					"$(inherited)",
					"@executable_path/Frameworks",
				);
				MARKETING_VERSION = 1.0;
				PRODUCT_BUNDLE_IDENTIFIER = com.hzy.NetflixClone;
				PRODUCT_NAME = "$(TARGET_NAME)";
				SWIFT_EMIT_LOC_STRINGS = YES;
				SWIFT_VERSION = 5.0;
				TARGETED_DEVICE_FAMILY = "1,2";
			};
			name = Release;
		};
/* End XCBuildConfiguration section */

/* Begin XCConfigurationList section */
		062EFECF2AABC8E7009310D2 /* Build configuration list for PBXProject "NetflixClone" */ = {
			isa = XCConfigurationList;
			buildConfigurations = (
				062EFEE62AABC8E9009310D2 /* Debug */,
				062EFEE72AABC8E9009310D2 /* Release */,
			);
			defaultConfigurationIsVisible = 0;
			defaultConfigurationName = Release;
		};
		062EFEE82AABC8E9009310D2 /* Build configuration list for PBXNativeTarget "NetflixClone" */ = {
			isa = XCConfigurationList;
			buildConfigurations = (
				062EFEE92AABC8E9009310D2 /* Debug */,
				062EFEEA2AABC8E9009310D2 /* Release */,
			);
			defaultConfigurationIsVisible = 0;
			defaultConfigurationName = Release;
		};
/* End XCConfigurationList section */

/* Begin XCRemoteSwiftPackageReference section */
		062EFF052AAFB295009310D2 /* XCRemoteSwiftPackageReference "SDWebImage" */ = {
			isa = XCRemoteSwiftPackageReference;
			repositoryURL = "https://github.com/SDWebImage/SDWebImage.git";
			requirement = {
				kind = upToNextMajorVersion;
				minimumVersion = 5.0.0;
			};
		};
/* End XCRemoteSwiftPackageReference section */

/* Begin XCSwiftPackageProductDependency section */
		062EFF062AAFB295009310D2 /* SDWebImage */ = {
			isa = XCSwiftPackageProductDependency;
			package = 062EFF052AAFB295009310D2 /* XCRemoteSwiftPackageReference "SDWebImage" */;
			productName = SDWebImage;
		};
		062EFF082AAFB295009310D2 /* SDWebImageMapKit */ = {
			isa = XCSwiftPackageProductDependency;
			package = 062EFF052AAFB295009310D2 /* XCRemoteSwiftPackageReference "SDWebImage" */;
			productName = SDWebImageMapKit;
		};
/* End XCSwiftPackageProductDependency section */
	};
	rootObject = 062EFECC2AABC8E7009310D2 /* Project object */;
}
